// !$*UTF8*$!
{
	archiveVersion = 1;
	classes = {
	};
	objectVersion = 50;
	objects = {

/* Begin PBXBuildFile section */
		84A9481A236EEB30005974B4 /* AppDelegate.swift in Sources */ = {isa = PBXBuildFile; fileRef = 84A94819236EEB30005974B4 /* AppDelegate.swift */; };
		84A9481C236EEB30005974B4 /* SceneDelegate.swift in Sources */ = {isa = PBXBuildFile; fileRef = 84A9481B236EEB30005974B4 /* SceneDelegate.swift */; };
		84A9481F236EEB30005974B4 /* SwiftUIFirstApp.xcdatamodeld in Sources */ = {isa = PBXBuildFile; fileRef = 84A9481D236EEB30005974B4 /* SwiftUIFirstApp.xcdatamodeld */; };
		84A94821236EEB30005974B4 /* ContentView.swift in Sources */ = {isa = PBXBuildFile; fileRef = 84A94820236EEB30005974B4 /* ContentView.swift */; };
		84A94823236EEB31005974B4 /* Assets.xcassets in Resources */ = {isa = PBXBuildFile; fileRef = 84A94822236EEB31005974B4 /* Assets.xcassets */; };
		84A94826236EEB31005974B4 /* Preview Assets.xcassets in Resources */ = {isa = PBXBuildFile; fileRef = 84A94825236EEB31005974B4 /* Preview Assets.xcassets */; };
		84A94829236EEB31005974B4 /* LaunchScreen.storyboard in Resources */ = {isa = PBXBuildFile; fileRef = 84A94827236EEB31005974B4 /* LaunchScreen.storyboard */; };
		84A94832236EF4B7005974B4 /* Novel+CoreDataClass.swift in Sources */ = {isa = PBXBuildFile; fileRef = 84A94830236EF4B7005974B4 /* Novel+CoreDataClass.swift */; };
		84A94833236EF4B7005974B4 /* Novel+CoreDataProperties.swift in Sources */ = {isa = PBXBuildFile; fileRef = 84A94831236EF4B7005974B4 /* Novel+CoreDataProperties.swift */; };
		84A94835236EFF45005974B4 /* AddView.swift in Sources */ = {isa = PBXBuildFile; fileRef = 84A94834236EFF45005974B4 /* AddView.swift */; };
		84A94837236F1409005974B4 /* NovelCard.swift in Sources */ = {isa = PBXBuildFile; fileRef = 84A94836236F1409005974B4 /* NovelCard.swift */; };
/* End PBXBuildFile section */

/* Begin PBXFileReference section */
		84A94816236EEB30005974B4 /* SwiftUIFirstApp.app */ = {isa = PBXFileReference; explicitFileType = wrapper.application; includeInIndex = 0; path = SwiftUIFirstApp.app; sourceTree = BUILT_PRODUCTS_DIR; };
		84A94819236EEB30005974B4 /* AppDelegate.swift */ = {isa = PBXFileReference; lastKnownFileType = sourcecode.swift; path = AppDelegate.swift; sourceTree = "<group>"; };
		84A9481B236EEB30005974B4 /* SceneDelegate.swift */ = {isa = PBXFileReference; lastKnownFileType = sourcecode.swift; path = SceneDelegate.swift; sourceTree = "<group>"; };
		84A9481E236EEB30005974B4 /* SwiftUIFirstApp.xcdatamodel */ = {isa = PBXFileReference; lastKnownFileType = wrapper.xcdatamodel; path = SwiftUIFirstApp.xcdatamodel; sourceTree = "<group>"; };
		84A94820236EEB30005974B4 /* ContentView.swift */ = {isa = PBXFileReference; lastKnownFileType = sourcecode.swift; path = ContentView.swift; sourceTree = "<group>"; };
		84A94822236EEB31005974B4 /* Assets.xcassets */ = {isa = PBXFileReference; lastKnownFileType = folder.assetcatalog; path = Assets.xcassets; sourceTree = "<group>"; };
		84A94825236EEB31005974B4 /* Preview Assets.xcassets */ = {isa = PBXFileReference; lastKnownFileType = folder.assetcatalog; path = "Preview Assets.xcassets"; sourceTree = "<group>"; };
		84A94828236EEB31005974B4 /* Base */ = {isa = PBXFileReference; lastKnownFileType = file.storyboard; name = Base; path = Base.lproj/LaunchScreen.storyboard; sourceTree = "<group>"; };
		84A9482A236EEB31005974B4 /* Info.plist */ = {isa = PBXFileReference; lastKnownFileType = text.plist.xml; path = Info.plist; sourceTree = "<group>"; };
		84A94830236EF4B7005974B4 /* Novel+CoreDataClass.swift */ = {isa = PBXFileReference; lastKnownFileType = sourcecode.swift; path = "Novel+CoreDataClass.swift"; sourceTree = "<group>"; };
		84A94831236EF4B7005974B4 /* Novel+CoreDataProperties.swift */ = {isa = PBXFileReference; lastKnownFileType = sourcecode.swift; path = "Novel+CoreDataProperties.swift"; sourceTree = "<group>"; };
		84A94834236EFF45005974B4 /* AddView.swift */ = {isa = PBXFileReference; lastKnownFileType = sourcecode.swift; path = AddView.swift; sourceTree = "<group>"; };
		84A94836236F1409005974B4 /* NovelCard.swift */ = {isa = PBXFileReference; lastKnownFileType = sourcecode.swift; path = NovelCard.swift; sourceTree = "<group>"; };
/* End PBXFileReference section */

/* Begin PBXFrameworksBuildPhase section */
		84A94813236EEB30005974B4 /* Frameworks */ = {
			isa = PBXFrameworksBuildPhase;
			buildActionMask = 2147483647;
			files = (
			);
			runOnlyForDeploymentPostprocessing = 0;
		};
/* End PBXFrameworksBuildPhase section */

/* Begin PBXGroup section */
		84A9480D236EEB30005974B4 = {
			isa = PBXGroup;
			children = (
				84A94818236EEB30005974B4 /* SwiftUIFirstApp */,
				84A94817236EEB30005974B4 /* Products */,
			);
			sourceTree = "<group>";
		};
		84A94817236EEB30005974B4 /* Products */ = {
			isa = PBXGroup;
			children = (
				84A94816236EEB30005974B4 /* SwiftUIFirstApp.app */,
			);
			name = Products;
			sourceTree = "<group>";
		};
		84A94818236EEB30005974B4 /* SwiftUIFirstApp */ = {
			isa = PBXGroup;
			children = (
				84A94830236EF4B7005974B4 /* Novel+CoreDataClass.swift */,
				84A94831236EF4B7005974B4 /* Novel+CoreDataProperties.swift */,
				84A94819236EEB30005974B4 /* AppDelegate.swift */,
				84A9481B236EEB30005974B4 /* SceneDelegate.swift */,
				84A94834236EFF45005974B4 /* AddView.swift */,
				84A94820236EEB30005974B4 /* ContentView.swift */,
				84A94836236F1409005974B4 /* NovelCard.swift */,
				84A94822236EEB31005974B4 /* Assets.xcassets */,
				84A94827236EEB31005974B4 /* LaunchScreen.storyboard */,
				84A9482A236EEB31005974B4 /* Info.plist */,
				84A9481D236EEB30005974B4 /* SwiftUIFirstApp.xcdatamodeld */,
				84A94824236EEB31005974B4 /* Preview Content */,
			);
			path = SwiftUIFirstApp;
			sourceTree = "<group>";
		};
		84A94824236EEB31005974B4 /* Preview Content */ = {
			isa = PBXGroup;
			children = (
				84A94825236EEB31005974B4 /* Preview Assets.xcassets */,
			);
			path = "Preview Content";
			sourceTree = "<group>";
		};
/* End PBXGroup section */

/* Begin PBXNativeTarget section */
		84A94815236EEB30005974B4 /* SwiftUIFirstApp */ = {
			isa = PBXNativeTarget;
			buildConfigurationList = 84A9482D236EEB31005974B4 /* Build configuration list for PBXNativeTarget "SwiftUIFirstApp" */;
			buildPhases = (
				84A94812236EEB30005974B4 /* Sources */,
				84A94813236EEB30005974B4 /* Frameworks */,
				84A94814236EEB30005974B4 /* Resources */,
			);
			buildRules = (
			);
			dependencies = (
			);
			name = SwiftUIFirstApp;
			productName = SwiftUIFirstApp;
			productReference = 84A94816236EEB30005974B4 /* SwiftUIFirstApp.app */;
			productType = "com.apple.product-type.application";
		};
/* End PBXNativeTarget section */

/* Begin PBXProject section */
		84A9480E236EEB30005974B4 /* Project object */ = {
			isa = PBXProject;
			attributes = {
				LastSwiftUpdateCheck = 1120;
				LastUpgradeCheck = 1120;
				ORGANIZATIONNAME = "Станислав Шияновский";
				TargetAttributes = {
					84A94815236EEB30005974B4 = {
						CreatedOnToolsVersion = 11.2;
					};
				};
			};
			buildConfigurationList = 84A94811236EEB30005974B4 /* Build configuration list for PBXProject "SwiftUIFirstApp" */;
			compatibilityVersion = "Xcode 9.3";
			developmentRegion = en;
			hasScannedForEncodings = 0;
			knownRegions = (
				en,
				Base,
			);
			mainGroup = 84A9480D236EEB30005974B4;
			productRefGroup = 84A94817236EEB30005974B4 /* Products */;
			projectDirPath = "";
			projectRoot = "";
			targets = (
				84A94815236EEB30005974B4 /* SwiftUIFirstApp */,
			);
		};
/* End PBXProject section */

/* Begin PBXResourcesBuildPhase section */
		84A94814236EEB30005974B4 /* Resources */ = {
			isa = PBXResourcesBuildPhase;
			buildActionMask = 2147483647;
			files = (
				84A94829236EEB31005974B4 /* LaunchScreen.storyboard in Resources */,
				84A94826236EEB31005974B4 /* Preview Assets.xcassets in Resources */,
				84A94823236EEB31005974B4 /* Assets.xcassets in Resources */,
			);
			runOnlyForDeploymentPostprocessing = 0;
		};
/* End PBXResourcesBuildPhase section */

/* Begin PBXSourcesBuildPhase section */
		84A94812236EEB30005974B4 /* Sources */ = {
			isa = PBXSourcesBuildPhase;
			buildActionMask = 2147483647;
			files = (
				84A94837236F1409005974B4 /* NovelCard.swift in Sources */,
				84A94835236EFF45005974B4 /* AddView.swift in Sources */,
				84A9481A236EEB30005974B4 /* AppDelegate.swift in Sources */,
				84A9481F236EEB30005974B4 /* SwiftUIFirstApp.xcdatamodeld in Sources */,
				84A94832236EF4B7005974B4 /* Novel+CoreDataClass.swift in Sources */,
				84A94821236EEB30005974B4 /* ContentView.swift in Sources */,
				84A94833236EF4B7005974B4 /* Novel+CoreDataProperties.swift in Sources */,
				84A9481C236EEB30005974B4 /* SceneDelegate.swift in Sources */,
			);
			runOnlyForDeploymentPostprocessing = 0;
		};
/* End PBXSourcesBuildPhase section */

/* Begin PBXVariantGroup section */
		84A94827236EEB31005974B4 /* LaunchScreen.storyboard */ = {
			isa = PBXVariantGroup;
			children = (
				84A94828236EEB31005974B4 /* Base */,
			);
			name = LaunchScreen.storyboard;
			sourceTree = "<group>";
		};
/* End PBXVariantGroup section */

/* Begin XCBuildConfiguration section */
		84A9482B236EEB31005974B4 /* Debug */ = {
			isa = XCBuildConfiguration;
			buildSettings = {
				ALWAYS_SEARCH_USER_PATHS = NO;
				CLANG_ANALYZER_NONNULL = YES;
				CLANG_ANALYZER_NUMBER_OBJECT_CONVERSION = YES_AGGRESSIVE;
				CLANG_CXX_LANGUAGE_STANDARD = "gnu++14";
				CLANG_CXX_LIBRARY = "libc++";
				CLANG_ENABLE_MODULES = YES;
				CLANG_ENABLE_OBJC_ARC = YES;
				CLANG_ENABLE_OBJC_WEAK = YES;
				CLANG_WARN_BLOCK_CAPTURE_AUTORELEASING = YES;
				CLANG_WARN_BOOL_CONVERSION = YES;
				CLANG_WARN_COMMA = YES;
				CLANG_WARN_CONSTANT_CONVERSION = YES;
				CLANG_WARN_DEPRECATED_OBJC_IMPLEMENTATIONS = YES;
				CLANG_WARN_DIRECT_OBJC_ISA_USAGE = YES_ERROR;
				CLANG_WARN_DOCUMENTATION_COMMENTS = YES;
				CLANG_WARN_EMPTY_BODY = YES;
				CLANG_WARN_ENUM_CONVERSION = YES;
				CLANG_WARN_INFINITE_RECURSION = YES;
				CLANG_WARN_INT_CONVERSION = YES;
				CLANG_WARN_NON_LITERAL_NULL_CONVERSION = YES;
				CLANG_WARN_OBJC_IMPLICIT_RETAIN_SELF = YES;
				CLANG_WARN_OBJC_LITERAL_CONVERSION = YES;
				CLANG_WARN_OBJC_ROOT_CLASS = YES_ERROR;
				CLANG_WARN_RANGE_LOOP_ANALYSIS = YES;
				CLANG_WARN_STRICT_PROTOTYPES = YES;
				CLANG_WARN_SUSPICIOUS_MOVE = YES;
				CLANG_WARN_UNGUARDED_AVAILABILITY = YES_AGGRESSIVE;
				CLANG_WARN_UNREACHABLE_CODE = YES;
				CLANG_WARN__DUPLICATE_METHOD_MATCH = YES;
				COPY_PHASE_STRIP = NO;
				DEBUG_INFORMATION_FORMAT = dwarf;
				ENABLE_STRICT_OBJC_MSGSEND = YES;
				ENABLE_TESTABILITY = YES;
				GCC_C_LANGUAGE_STANDARD = gnu11;
				GCC_DYNAMIC_NO_PIC = NO;
				GCC_NO_COMMON_BLOCKS = YES;
				GCC_OPTIMIZATION_LEVEL = 0;
				GCC_PREPROCESSOR_DEFINITIONS = (
					"DEBUG=1",
					"$(inherited)",
				);
				GCC_WARN_64_TO_32_BIT_CONVERSION = YES;
				GCC_WARN_ABOUT_RETURN_TYPE = YES_ERROR;
				GCC_WARN_UNDECLARED_SELECTOR = YES;
				GCC_WARN_UNINITIALIZED_AUTOS = YES_AGGRESSIVE;
				GCC_WARN_UNUSED_FUNCTION = YES;
				GCC_WARN_UNUSED_VARIABLE = YES;
				IPHONEOS_DEPLOYMENT_TARGET = 13.2;
				MTL_ENABLE_DEBUG_INFO = INCLUDE_SOURCE;
				MTL_FAST_MATH = YES;
				ONLY_ACTIVE_ARCH = YES;
				SDKROOT = iphoneos;
				SWIFT_ACTIVE_COMPILATION_CONDITIONS = DEBUG;
				SWIFT_OPTIMIZATION_LEVEL = "-Onone";
			};
			name = Debug;
		};
		84A9482C236EEB31005974B4 /* Release */ = {
			isa = XCBuildConfiguration;
			buildSettings = {
				ALWAYS_SEARCH_USER_PATHS = NO;
				CLANG_ANALYZER_NONNULL = YES;
				CLANG_ANALYZER_NUMBER_OBJECT_CONVERSION = YES_AGGRESSIVE;
				CLANG_CXX_LANGUAGE_STANDARD = "gnu++14";
				CLANG_CXX_LIBRARY = "libc++";
				CLANG_ENABLE_MODULES = YES;
				CLANG_ENABLE_OBJC_ARC = YES;
				CLANG_ENABLE_OBJC_WEAK = YES;
				CLANG_WARN_BLOCK_CAPTURE_AUTORELEASING = YES;
				CLANG_WARN_BOOL_CONVERSION = YES;
				CLANG_WARN_COMMA = YES;
				CLANG_WARN_CONSTANT_CONVERSION = YES;
				CLANG_WARN_DEPRECATED_OBJC_IMPLEMENTATIONS = YES;
				CLANG_WARN_DIRECT_OBJC_ISA_USAGE = YES_ERROR;
				CLANG_WARN_DOCUMENTATION_COMMENTS = YES;
				CLANG_WARN_EMPTY_BODY = YES;
				CLANG_WARN_ENUM_CONVERSION = YES;
				CLANG_WARN_INFINITE_RECURSION = YES;
				CLANG_WARN_INT_CONVERSION = YES;
				CLANG_WARN_NON_LITERAL_NULL_CONVERSION = YES;
				CLANG_WARN_OBJC_IMPLICIT_RETAIN_SELF = YES;
				CLANG_WARN_OBJC_LITERAL_CONVERSION = YES;
				CLANG_WARN_OBJC_ROOT_CLASS = YES_ERROR;
				CLANG_WARN_RANGE_LOOP_ANALYSIS = YES;
				CLANG_WARN_STRICT_PROTOTYPES = YES;
				CLANG_WARN_SUSPICIOUS_MOVE = YES;
				CLANG_WARN_UNGUARDED_AVAILABILITY = YES_AGGRESSIVE;
				CLANG_WARN_UNREACHABLE_CODE = YES;
				CLANG_WARN__DUPLICATE_METHOD_MATCH = YES;
				COPY_PHASE_STRIP = NO;
				DEBUG_INFORMATION_FORMAT = "dwarf-with-dsym";
				ENABLE_NS_ASSERTIONS = NO;
				ENABLE_STRICT_OBJC_MSGSEND = YES;
				GCC_C_LANGUAGE_STANDARD = gnu11;
				GCC_NO_COMMON_BLOCKS = YES;
				GCC_WARN_64_TO_32_BIT_CONVERSION = YES;
				GCC_WARN_ABOUT_RETURN_TYPE = YES_ERROR;
				GCC_WARN_UNDECLARED_SELECTOR = YES;
				GCC_WARN_UNINITIALIZED_AUTOS = YES_AGGRESSIVE;
				GCC_WARN_UNUSED_FUNCTION = YES;
				GCC_WARN_UNUSED_VARIABLE = YES;
				IPHONEOS_DEPLOYMENT_TARGET = 13.2;
				MTL_ENABLE_DEBUG_INFO = NO;
				MTL_FAST_MATH = YES;
				SDKROOT = iphoneos;
				SWIFT_COMPILATION_MODE = wholemodule;
				SWIFT_OPTIMIZATION_LEVEL = "-O";
				VALIDATE_PRODUCT = YES;
			};
			name = Release;
		};
		84A9482E236EEB31005974B4 /* Debug */ = {
			isa = XCBuildConfiguration;
			buildSettings = {
				ASSETCATALOG_COMPILER_APPICON_NAME = AppIcon;
				CODE_SIGN_STYLE = Automatic;
				DEVELOPMENT_ASSET_PATHS = "\"SwiftUIFirstApp/Preview Content\"";
				DEVELOPMENT_TEAM = 3PTYV272Z4;
				ENABLE_PREVIEWS = YES;
				INFOPLIST_FILE = SwiftUIFirstApp/Info.plist;
				LD_RUNPATH_SEARCH_PATHS = (
					"$(inherited)",
					"@executable_path/Frameworks",
				);
				PRODUCT_BUNDLE_IDENTIFIER = ua.kr.ssh.SwiftUIFirstApp;
				PRODUCT_NAME = "$(TARGET_NAME)";
				SWIFT_VERSION = 5.0;
				TARGETED_DEVICE_FAMILY = "1,2";
			};
			name = Debug;
		};
		84A9482F236EEB31005974B4 /* Release */ = {
			isa = XCBuildConfiguration;
			buildSettings = {
				ASSETCATALOG_COMPILER_APPICON_NAME = AppIcon;
				CODE_SIGN_STYLE = Automatic;
				DEVELOPMENT_ASSET_PATHS = "\"SwiftUIFirstApp/Preview Content\"";
				DEVELOPMENT_TEAM = 3PTYV272Z4;
				ENABLE_PREVIEWS = YES;
				INFOPLIST_FILE = SwiftUIFirstApp/Info.plist;
				LD_RUNPATH_SEARCH_PATHS = (
					"$(inherited)",
					"@executable_path/Frameworks",
				);
				PRODUCT_BUNDLE_IDENTIFIER = ua.kr.ssh.SwiftUIFirstApp;
				PRODUCT_NAME = "$(TARGET_NAME)";
				SWIFT_VERSION = 5.0;
				TARGETED_DEVICE_FAMILY = "1,2";
			};
			name = Release;
		};
/* End XCBuildConfiguration section */

/* Begin XCConfigurationList section */
		84A94811236EEB30005974B4 /* Build configuration list for PBXProject "SwiftUIFirstApp" */ = {
			isa = XCConfigurationList;
			buildConfigurations = (
				84A9482B236EEB31005974B4 /* Debug */,
				84A9482C236EEB31005974B4 /* Release */,
			);
			defaultConfigurationIsVisible = 0;
			defaultConfigurationName = Release;
		};
		84A9482D236EEB31005974B4 /* Build configuration list for PBXNativeTarget "SwiftUIFirstApp" */ = {
			isa = XCConfigurationList;
			buildConfigurations = (
				84A9482E236EEB31005974B4 /* Debug */,
				84A9482F236EEB31005974B4 /* Release */,
			);
			defaultConfigurationIsVisible = 0;
			defaultConfigurationName = Release;
		};
/* End XCConfigurationList section */

/* Begin XCVersionGroup section */
		84A9481D236EEB30005974B4 /* SwiftUIFirstApp.xcdatamodeld */ = {
			isa = XCVersionGroup;
			children = (
				84A9481E236EEB30005974B4 /* SwiftUIFirstApp.xcdatamodel */,
			);
			currentVersion = 84A9481E236EEB30005974B4 /* SwiftUIFirstApp.xcdatamodel */;
			path = SwiftUIFirstApp.xcdatamodeld;
			sourceTree = "<group>";
			versionGroupType = wrapper.xcdatamodel;
		};
/* End XCVersionGroup section */
	};
	rootObject = 84A9480E236EEB30005974B4 /* Project object */;
}
